
Microsoft Visual Studio Solution File, Format Version 12.00
# Visual Studio Version 16
VisualStudioVersion = 16.0.30503.244
MinimumVisualStudioVersion = 10.0.40219.1
Project("{8BC9CEB8-8B4A-11D0-8D11-00A0C91BC942}") = "laba5dop4", "laba5dop4\laba5dop4.vcxproj", "{031F575B-9680-4437-B700-2AFD41721E21}"
EndProject
Global
	GlobalSection(SolutionConfigurationPlatforms) = preSolution
		Debug|x64 = Debug|x64
		Debug|x86 = Debug|x86
		Release|x64 = Release|x64
		Release|x86 = Release|x86
	EndGlobalSection
	GlobalSection(ProjectConfigurationPlatforms) = postSolution
		{031F575B-9680-4437-B700-2AFD41721E21}.Debug|x64.ActiveCfg = Debug|x64
		{031F575B-9680-4437-B700-2AFD41721E21}.Debug|x64.Build.0 = Debug|x64
		{031F575B-9680-4437-B700-2AFD41721E21}.Debug|x86.ActiveCfg = Debug|Win32
		{031F575B-9680-4437-B700-2AFD41721E21}.Debug|x86.Build.0 = Debug|Win32
		{031F575B-9680-4437-B700-2AFD41721E21}.Release|x64.ActiveCfg = Release|x64
		{031F575B-9680-4437-B700-2AFD41721E21}.Release|x64.Build.0 = Release|x64
		{031F575B-9680-4437-B700-2AFD41721E21}.Release|x86.ActiveCfg = Release|Win32
		{031F575B-9680-4437-B700-2AFD41721E21}.Release|x86.Build.0 = Release|Win32
	EndGlobalSection
	GlobalSection(SolutionProperties) = preSolution
		HideSolutionNode = FALSE
	EndGlobalSection
	GlobalSection(ExtensibilityGlobals) = postSolution
		SolutionGuid = {10AA9E15-3227-4090-91A8-E41FD8563EC6}
	EndGlobalSection
EndGlobal
