
Microsoft Visual Studio Solution File, Format Version 12.00
# Visual Studio Version 16
VisualStudioVersion = 16.0.30503.244
MinimumVisualStudioVersion = 10.0.40219.1
Project("{8BC9CEB8-8B4A-11D0-8D11-00A0C91BC942}") = "лаба7.3основа", "лаба7.3основа\лаба7.3основа.vcxproj", "{B7131876-1A79-4A7B-B6A7-5FA064912BFE}"
EndProject
Global
	GlobalSection(SolutionConfigurationPlatforms) = preSolution
		Debug|x64 = Debug|x64
		Debug|x86 = Debug|x86
		Release|x64 = Release|x64
		Release|x86 = Release|x86
	EndGlobalSection
	GlobalSection(ProjectConfigurationPlatforms) = postSolution
		{B7131876-1A79-4A7B-B6A7-5FA064912BFE}.Debug|x64.ActiveCfg = Debug|x64
		{B7131876-1A79-4A7B-B6A7-5FA064912BFE}.Debug|x64.Build.0 = Debug|x64
		{B7131876-1A79-4A7B-B6A7-5FA064912BFE}.Debug|x86.ActiveCfg = Debug|Win32
		{B7131876-1A79-4A7B-B6A7-5FA064912BFE}.Debug|x86.Build.0 = Debug|Win32
		{B7131876-1A79-4A7B-B6A7-5FA064912BFE}.Release|x64.ActiveCfg = Release|x64
		{B7131876-1A79-4A7B-B6A7-5FA064912BFE}.Release|x64.Build.0 = Release|x64
		{B7131876-1A79-4A7B-B6A7-5FA064912BFE}.Release|x86.ActiveCfg = Release|Win32
		{B7131876-1A79-4A7B-B6A7-5FA064912BFE}.Release|x86.Build.0 = Release|Win32
	EndGlobalSection
	GlobalSection(SolutionProperties) = preSolution
		HideSolutionNode = FALSE
	EndGlobalSection
	GlobalSection(ExtensibilityGlobals) = postSolution
		SolutionGuid = {1169A3B7-A1E7-41D4-BBB4-34FCCD21663E}
	EndGlobalSection
EndGlobal
